<?xml version="1.0" encoding="utf-8"?>
<Project ToolsVersion="4.0" xmlns="http://schemas.microsoft.com/developer/msbuild/2003">
  <ItemGroup>
    <Filter Include="Header Files">
      <UniqueIdentifier>{93995380-89BD-4b04-88EB-625FBE52EBFB}</UniqueIdentifier>
      <Extensions>h;hh;hpp;hxx;h++;hm;inl;inc;ipp;xsd</Extensions>
    </Filter>
    <Filter Include="Base">
      <UniqueIdentifier>{fdede7a7-f5fa-4fbf-83c0-0f08d6d5d1b8}</UniqueIdentifier>
    </Filter>
    <Filter Include="Network">
      <UniqueIdentifier>{45ef1cc2-e5ef-4840-8e0f-dadf9ff3c0c5}</UniqueIdentifier>
    </Filter>
    <Filter Include="Memory">
      <UniqueIdentifier>{e7bf0c68-0f8f-42b0-b787-106f185f22f0}</UniqueIdentifier>
    </Filter>
    <Filter Include="Utils">
      <UniqueIdentifier>{99e71a7b-8601-4d32-a5cb-127811378a52}</UniqueIdentifier>
    </Filter>
    <Filter Include="Thread">
      <UniqueIdentifier>{40b7737a-2d18-465f-996c-02db0a5d76c6}</UniqueIdentifier>
    </Filter>
    <Filter Include="Job">
      <UniqueIdentifier>{6e2a3acd-07a5-409c-a4ec-b93935f419a0}</UniqueIdentifier>
    </Filter>
  </ItemGroup>
  <ItemGroup>
    <ClInclude Include="framework.h">
      <Filter>Header Files</Filter>
    </ClInclude>
    <ClInclude Include="pch.h">
      <Filter>Header Files</Filter>
    </ClInclude>
    <ClInclude Include="Sample.h">
      <Filter>Header Files</Filter>
    </ClInclude>
    <ClInclude Include="CorePch.h">
      <Filter>Header Files</Filter>
    </ClInclude>
    <ClInclude Include="CoreGlobal.h">
      <Filter>Header Files</Filter>
    </ClInclude>
    <ClInclude Include="CoreMacroDef.h">
      <Filter>Header Files</Filter>
    </ClInclude>
    <ClInclude Include="CoreTypes.h">
      <Filter>Header Files</Filter>
    </ClInclude>
    <ClInclude Include="CoreTLS.h">
      <Filter>Header Files</Filter>
    </ClInclude>
    <ClInclude Include="CoreDef.h">
      <Filter>Header Files</Filter>
    </ClInclude>
    <ClInclude Include="Memory.h">
      <Filter>Header Files</Filter>
    </ClInclude>
    <ClInclude Include="MemoryAllocator.h">
      <Filter>Header Files</Filter>
    </ClInclude>
    <ClInclude Include="MemoryPool.h">
      <Filter>Header Files</Filter>
    </ClInclude>
    <ClInclude Include="CoreSTLContainer.h">
      <Filter>Header Files</Filter>
    </ClInclude>
    <ClInclude Include="ObjectPool.h">
      <Filter>Header Files</Filter>
    </ClInclude>
    <ClInclude Include="IOCPCore.h">
      <Filter>Header Files</Filter>
    </ClInclude>
    <ClInclude Include="IOCPObject.h">
      <Filter>Header Files</Filter>
    </ClInclude>
    <ClInclude Include="IOCPEvent.h">
      <Filter>Header Files</Filter>
    </ClInclude>
    <ClInclude Include="Session.h">
      <Filter>Header Files</Filter>
    </ClInclude>
    <ClInclude Include="PacketSession.h">
      <Filter>Header Files</Filter>
    </ClInclude>
    <ClInclude Include="Connector.h">
      <Filter>Header Files</Filter>
    </ClInclude>
    <ClInclude Include="Listener.h">
      <Filter>Header Files</Filter>
    </ClInclude>
    <ClInclude Include="ErrorHandler.h">
      <Filter>Header Files</Filter>
    </ClInclude>
    <ClInclude Include="SocketUtils.h">
      <Filter>Header Files</Filter>
    </ClInclude>
    <ClInclude Include="AddrUtils.h">
      <Filter>Header Files</Filter>
    </ClInclude>
    <ClInclude Include="Service.h">
      <Filter>Header Files</Filter>
    </ClInclude>
    <ClInclude Include="RWLock.h">
      <Filter>Header Files</Filter>
    </ClInclude>
    <ClInclude Include="Lock.h">
      <Filter>Header Files</Filter>
    </ClInclude>
    <ClInclude Include="ThreadPool.h">
      <Filter>Header Files</Filter>
    </ClInclude>
    <ClInclude Include="TaskManager.h">
      <Filter>Header Files</Filter>
    </ClInclude>
    <ClInclude Include="JobSerializer.h">
      <Filter>Header Files</Filter>
    </ClInclude>
    <ClInclude Include="Job.h">
      <Filter>Header Files</Filter>
    </ClInclude>
    <ClInclude Include="JobSerializerWithTimer.h">
      <Filter>Header Files</Filter>
    </ClInclude>
    <ClInclude Include="TimeJob.h">
      <Filter>Header Files</Filter>
    </ClInclude>
    <ClInclude Include="LockQueue.h">
      <Filter>Header Files</Filter>
    </ClInclude>
    <ClInclude Include="LockStack.h">
      <Filter>Header Files</Filter>
    </ClInclude>
  </ItemGroup>
  <ItemGroup>
    <ClCompile Include="pch.cpp">
      <Filter>Base</Filter>
    </ClCompile>
    <ClCompile Include="Sample.cpp" />
    <ClCompile Include="CorePch.cpp">
      <Filter>Base</Filter>
    </ClCompile>
    <ClCompile Include="CoreGlobal.cpp">
      <Filter>Base</Filter>
    </ClCompile>
    <ClCompile Include="CoreMacroDef.cpp">
      <Filter>Base</Filter>
    </ClCompile>
    <ClCompile Include="CoreTypes.cpp">
      <Filter>Base</Filter>
    </ClCompile>
    <ClCompile Include="CoreTLS.cpp">
      <Filter>Base</Filter>
    </ClCompile>
    <ClCompile Include="MemoryPool.cpp">
      <Filter>Memory</Filter>
    </ClCompile>
    <ClCompile Include="Memory.cpp">
      <Filter>Memory</Filter>
    </ClCompile>
    <ClCompile Include="MemoryAllocator.cpp">
      <Filter>Memory</Filter>
    </ClCompile>
    <ClCompile Include="IOCPCore.cpp">
      <Filter>Network</Filter>
    </ClCompile>
    <ClCompile Include="IOCPEvent.cpp">
      <Filter>Network</Filter>
    </ClCompile>
    <ClCompile Include="IOCPObject.cpp">
      <Filter>Network</Filter>
    </ClCompile>
    <ClCompile Include="Listener.cpp">
      <Filter>Network</Filter>
    </ClCompile>
    <ClCompile Include="Session.cpp">
      <Filter>Network</Filter>
    </ClCompile>
    <ClCompile Include="PacketSession.cpp">
      <Filter>Network</Filter>
    </ClCompile>
    <ClCompile Include="Connector.cpp">
      <Filter>Network</Filter>
    </ClCompile>
    <ClCompile Include="ObjectPool.cpp">
      <Filter>Memory</Filter>
    </ClCompile>
    <ClCompile Include="ErrorHandler.cpp">
      <Filter>Utils</Filter>
    </ClCompile>
    <ClCompile Include="SocketUtils.cpp">
      <Filter>Utils</Filter>
    </ClCompile>
    <ClCompile Include="AddrUtils.cpp">
      <Filter>Utils</Filter>
    </ClCompile>
    <ClCompile Include="RWLock.cpp">
      <Filter>Thread</Filter>
    </ClCompile>
    <ClCompile Include="Service.cpp">
      <Filter>Network</Filter>
    </ClCompile>
    <ClCompile Include="Lock.cpp" />
    <ClCompile Include="ThreadPool.cpp">
      <Filter>Thread</Filter>
    </ClCompile>
    <ClCompile Include="TaskManager.cpp" />
    <ClCompile Include="JobSerializer.cpp" />
    <ClCompile Include="Job.cpp" />
    <ClCompile Include="JobSerializerWithTimer.cpp" />
    <ClCompile Include="TimeJob.cpp" />
  </ItemGroup>
  <ItemGroup>
    <None Include="cpp.hint" />
  </ItemGroup>
</Project>