<?xml version="1.0" encoding="utf-8"?>
<Project ToolsVersion="4.0" xmlns="http://schemas.microsoft.com/developer/msbuild/2003">
  <ItemGroup>
    <Filter Include="Header Files">
      <UniqueIdentifier>{93995380-89BD-4b04-88EB-625FBE52EBFB}</UniqueIdentifier>
      <Extensions>h;hh;hpp;hxx;h++;hm;inl;inc;ipp;xsd</Extensions>
    </Filter>
    <Filter Include="Base">
      <UniqueIdentifier>{fdede7a7-f5fa-4fbf-83c0-0f08d6d5d1b8}</UniqueIdentifier>
    </Filter>
    <Filter Include="Network">
      <UniqueIdentifier>{45ef1cc2-e5ef-4840-8e0f-dadf9ff3c0c5}</UniqueIdentifier>
    </Filter>
    <Filter Include="Memory">
      <UniqueIdentifier>{e7bf0c68-0f8f-42b0-b787-106f185f22f0}</UniqueIdentifier>
    </Filter>
  </ItemGroup>
  <ItemGroup>
    <ClInclude Include="framework.h">
      <Filter>Header Files</Filter>
    </ClInclude>
    <ClInclude Include="pch.h">
      <Filter>Header Files</Filter>
    </ClInclude>
    <ClInclude Include="Sample.h">
      <Filter>Header Files</Filter>
    </ClInclude>
    <ClInclude Include="CorePch.h">
      <Filter>Header Files</Filter>
    </ClInclude>
    <ClInclude Include="CoreGlobal.h">
      <Filter>Header Files</Filter>
    </ClInclude>
    <ClInclude Include="CoreMacroDef.h">
      <Filter>Header Files</Filter>
    </ClInclude>
    <ClInclude Include="CoreTypes.h">
      <Filter>Header Files</Filter>
    </ClInclude>
    <ClInclude Include="CoreTLS.h">
      <Filter>Header Files</Filter>
    </ClInclude>
    <ClInclude Include="CoreDef.h">
      <Filter>Header Files</Filter>
    </ClInclude>
    <ClInclude Include="CoreContainer.h">
      <Filter>Header Files</Filter>
    </ClInclude>
    <ClInclude Include="Memory.h">
      <Filter>Header Files</Filter>
    </ClInclude>
    <ClInclude Include="MemoryAllocator.h">
      <Filter>Header Files</Filter>
    </ClInclude>
    <ClInclude Include="MemoryPool.h">
      <Filter>Header Files</Filter>
    </ClInclude>
  </ItemGroup>
  <ItemGroup>
    <ClCompile Include="pch.cpp">
      <Filter>Base</Filter>
    </ClCompile>
    <ClCompile Include="Sample.cpp" />
    <ClCompile Include="CorePch.cpp">
      <Filter>Base</Filter>
    </ClCompile>
    <ClCompile Include="CoreGlobal.cpp">
      <Filter>Base</Filter>
    </ClCompile>
    <ClCompile Include="CoreMacroDef.cpp">
      <Filter>Base</Filter>
    </ClCompile>
    <ClCompile Include="CoreTypes.cpp">
      <Filter>Base</Filter>
    </ClCompile>
    <ClCompile Include="CoreTLS.cpp">
      <Filter>Base</Filter>
    </ClCompile>
    <ClCompile Include="MemoryPool.cpp">
      <Filter>Memory</Filter>
    </ClCompile>
    <ClCompile Include="Memory.cpp">
      <Filter>Memory</Filter>
    </ClCompile>
    <ClCompile Include="MemoryAllocator.cpp">
      <Filter>Memory</Filter>
    </ClCompile>
    <ClCompile Include="CoreDef.cpp">
      <Filter>Base</Filter>
    </ClCompile>
    <ClCompile Include="CoreContainer.cpp">
      <Filter>Base</Filter>
    </ClCompile>
  </ItemGroup>
  <ItemGroup>
    <None Include="cpp.hint" />
  </ItemGroup>
</Project>